
Microsoft Visual Studio Solution File, Format Version 12.00
# Visual Studio Express 2012 for Windows Desktop
Project("{FAE04EC0-301F-11D3-BF4B-00C04F79EFBC}") = "DataLayer", "DataLayer\DataLayer.csproj", "{0AA7FD90-0E12-493C-BEDF-4B8621070510}"
	ProjectSection(ProjectDependencies) = postProject
		{06591D19-9BED-4D11-A3D7-19A7A883C849} = {06591D19-9BED-4D11-A3D7-19A7A883C849}
	EndProjectSection
EndProject
Project("{FAE04EC0-301F-11D3-BF4B-00C04F79EFBC}") = "BusinessLayer", "BusinessLayer\BusinessLayer.csproj", "{35642369-ED69-4CCC-BACB-EA7FB4074A78}"
	ProjectSection(ProjectDependencies) = postProject
		{06591D19-9BED-4D11-A3D7-19A7A883C849} = {06591D19-9BED-4D11-A3D7-19A7A883C849}
		{0AA7FD90-0E12-493C-BEDF-4B8621070510} = {0AA7FD90-0E12-493C-BEDF-4B8621070510}
	EndProjectSection
EndProject
Project("{FAE04EC0-301F-11D3-BF4B-00C04F79EFBC}") = "Entities", "Entities\Entities.csproj", "{06591D19-9BED-4D11-A3D7-19A7A883C849}"
EndProject
Project("{FAE04EC0-301F-11D3-BF4B-00C04F79EFBC}") = "AplicationLayer", "AplicationLayer\AplicationLayer.csproj", "{24DFAAD0-F416-4DC9-B821-F2DFA8400FA2}"
	ProjectSection(ProjectDependencies) = postProject
		{35642369-ED69-4CCC-BACB-EA7FB4074A78} = {35642369-ED69-4CCC-BACB-EA7FB4074A78}
	EndProjectSection
EndProject
Global
	GlobalSection(SolutionConfigurationPlatforms) = preSolution
		Debug|Any CPU = Debug|Any CPU
		Release|Any CPU = Release|Any CPU
	EndGlobalSection
	GlobalSection(ProjectConfigurationPlatforms) = postSolution
		{0AA7FD90-0E12-493C-BEDF-4B8621070510}.Debug|Any CPU.ActiveCfg = Debug|Any CPU
		{0AA7FD90-0E12-493C-BEDF-4B8621070510}.Debug|Any CPU.Build.0 = Debug|Any CPU
		{0AA7FD90-0E12-493C-BEDF-4B8621070510}.Release|Any CPU.ActiveCfg = Release|Any CPU
		{0AA7FD90-0E12-493C-BEDF-4B8621070510}.Release|Any CPU.Build.0 = Release|Any CPU
		{35642369-ED69-4CCC-BACB-EA7FB4074A78}.Debug|Any CPU.ActiveCfg = Debug|Any CPU
		{35642369-ED69-4CCC-BACB-EA7FB4074A78}.Debug|Any CPU.Build.0 = Debug|Any CPU
		{35642369-ED69-4CCC-BACB-EA7FB4074A78}.Release|Any CPU.ActiveCfg = Release|Any CPU
		{35642369-ED69-4CCC-BACB-EA7FB4074A78}.Release|Any CPU.Build.0 = Release|Any CPU
		{06591D19-9BED-4D11-A3D7-19A7A883C849}.Debug|Any CPU.ActiveCfg = Debug|Any CPU
		{06591D19-9BED-4D11-A3D7-19A7A883C849}.Debug|Any CPU.Build.0 = Debug|Any CPU
		{06591D19-9BED-4D11-A3D7-19A7A883C849}.Release|Any CPU.ActiveCfg = Release|Any CPU
		{06591D19-9BED-4D11-A3D7-19A7A883C849}.Release|Any CPU.Build.0 = Release|Any CPU
		{24DFAAD0-F416-4DC9-B821-F2DFA8400FA2}.Debug|Any CPU.ActiveCfg = Debug|Any CPU
		{24DFAAD0-F416-4DC9-B821-F2DFA8400FA2}.Debug|Any CPU.Build.0 = Debug|Any CPU
		{24DFAAD0-F416-4DC9-B821-F2DFA8400FA2}.Release|Any CPU.ActiveCfg = Release|Any CPU
		{24DFAAD0-F416-4DC9-B821-F2DFA8400FA2}.Release|Any CPU.Build.0 = Release|Any CPU
	EndGlobalSection
	GlobalSection(SolutionProperties) = preSolution
		HideSolutionNode = FALSE
	EndGlobalSection
EndGlobal
